
Microsoft Visual Studio Solution File, Format Version 12.00
# Visual Studio Version 17
VisualStudioVersion = 17.8.34316.72
MinimumVisualStudioVersion = 10.0.40219.1
Project("{8BC9CEB8-8B4A-11D0-8D11-00A0C91BC942}") = "Windows-API-Monitor", "Windows-API-Monitor.vcxproj", "{269B6D79-22DE-44DE-B14F-F1CD2F38559C}"
EndProject
Global
	GlobalSection(SolutionConfigurationPlatforms) = preSolution
		Debug|x64 = Debug|x64
		Debug|x86 = Debug|x86
		Release|x64 = Release|x64
		Release|x86 = Release|x86
	EndGlobalSection
	GlobalSection(ProjectConfigurationPlatforms) = postSolution
		{269B6D79-22DE-44DE-B14F-F1CD2F38559C}.Debug|x64.ActiveCfg = Debug|x64
		{269B6D79-22DE-44DE-B14F-F1CD2F38559C}.Debug|x64.Build.0 = Debug|x64
		{269B6D79-22DE-44DE-B14F-F1CD2F38559C}.Debug|x86.ActiveCfg = Debug|Win32
		{269B6D79-22DE-44DE-B14F-F1CD2F38559C}.Debug|x86.Build.0 = Debug|Win32
		{269B6D79-22DE-44DE-B14F-F1CD2F38559C}.Release|x64.ActiveCfg = Release|x64
		{269B6D79-22DE-44DE-B14F-F1CD2F38559C}.Release|x64.Build.0 = Release|x64
		{269B6D79-22DE-44DE-B14F-F1CD2F38559C}.Release|x86.ActiveCfg = Release|Win32
		{269B6D79-22DE-44DE-B14F-F1CD2F38559C}.Release|x86.Build.0 = Release|Win32
	EndGlobalSection
	GlobalSection(SolutionProperties) = preSolution
		HideSolutionNode = FALSE
	EndGlobalSection
	GlobalSection(ExtensibilityGlobals) = postSolution
		SolutionGuid = {F25B7AC7-D326-43DC-9603-E51ADAF653A3}
	EndGlobalSection
EndGlobal
